
Microsoft Visual Studio Solution File, Format Version 12.00
# Visual Studio Version 17
VisualStudioVersion = 17.11.35219.272
MinimumVisualStudioVersion = 10.0.40219.1
Project("{8BC9CEB8-8B4A-11D0-8D11-00A0C91BC942}") = "pendulum", "pendulum\pendulum.vcxproj", "{343C1C53-B945-4F84-9898-E90496106E2C}"
EndProject
Project("{8BC9CEB8-8B4A-11D0-8D11-00A0C91BC942}") = "align", "align\align.vcxproj", "{87BA333C-206C-4EDE-A2AD-ECABF7B98D5D}"
EndProject
Global
	GlobalSection(SolutionConfigurationPlatforms) = preSolution
		Debug|x64 = Debug|x64
		Debug|x86 = Debug|x86
		Release|x64 = Release|x64
		Release|x86 = Release|x86
	EndGlobalSection
	GlobalSection(ProjectConfigurationPlatforms) = postSolution
		{343C1C53-B945-4F84-9898-E90496106E2C}.Debug|x64.ActiveCfg = Debug|x64
		{343C1C53-B945-4F84-9898-E90496106E2C}.Debug|x64.Build.0 = Debug|x64
		{343C1C53-B945-4F84-9898-E90496106E2C}.Debug|x86.ActiveCfg = Debug|Win32
		{343C1C53-B945-4F84-9898-E90496106E2C}.Debug|x86.Build.0 = Debug|Win32
		{343C1C53-B945-4F84-9898-E90496106E2C}.Release|x64.ActiveCfg = Release|x64
		{343C1C53-B945-4F84-9898-E90496106E2C}.Release|x64.Build.0 = Release|x64
		{343C1C53-B945-4F84-9898-E90496106E2C}.Release|x86.ActiveCfg = Release|Win32
		{343C1C53-B945-4F84-9898-E90496106E2C}.Release|x86.Build.0 = Release|Win32
		{87BA333C-206C-4EDE-A2AD-ECABF7B98D5D}.Debug|x64.ActiveCfg = Debug|x64
		{87BA333C-206C-4EDE-A2AD-ECABF7B98D5D}.Debug|x64.Build.0 = Debug|x64
		{87BA333C-206C-4EDE-A2AD-ECABF7B98D5D}.Debug|x86.ActiveCfg = Debug|Win32
		{87BA333C-206C-4EDE-A2AD-ECABF7B98D5D}.Debug|x86.Build.0 = Debug|Win32
		{87BA333C-206C-4EDE-A2AD-ECABF7B98D5D}.Release|x64.ActiveCfg = Release|x64
		{87BA333C-206C-4EDE-A2AD-ECABF7B98D5D}.Release|x64.Build.0 = Release|x64
		{87BA333C-206C-4EDE-A2AD-ECABF7B98D5D}.Release|x86.ActiveCfg = Release|Win32
		{87BA333C-206C-4EDE-A2AD-ECABF7B98D5D}.Release|x86.Build.0 = Release|Win32
	EndGlobalSection
	GlobalSection(SolutionProperties) = preSolution
		HideSolutionNode = FALSE
	EndGlobalSection
	GlobalSection(ExtensibilityGlobals) = postSolution
		SolutionGuid = {E0F6835C-90FF-409A-8A04-BAEA79C941A4}
	EndGlobalSection
EndGlobal
